
Microsoft Visual Studio Solution File, Format Version 12.00
# Visual Studio Version 16
VisualStudioVersion = 16.0.31605.320
MinimumVisualStudioVersion = 10.0.40219.1
Project("{9A19103F-16F7-4668-BE54-9A1E7A4F7556}") = "Api.Application", "Api.Application\Api.Application.csproj", "{7EB07CEC-A200-4A27-A8F2-62E29304AF6C}"
EndProject
Project("{FAE04EC0-301F-11D3-BF4B-00C04F79EFBC}") = "Api.Data", "Api.Data\Api.Data.csproj", "{2C424BD9-DEE4-4EFD-86F9-4DA41899531C}"
EndProject
Project("{FAE04EC0-301F-11D3-BF4B-00C04F79EFBC}") = "Api.Domain", "Api.Domain\Api.Domain.csproj", "{5BC0D9FA-07F5-40E7-9FD3-62495C524A09}"
EndProject
Project("{FAE04EC0-301F-11D3-BF4B-00C04F79EFBC}") = "Api.Service", "Api.Service\Api.Service.csproj", "{9629D696-F16C-4FB2-98C5-8CE434347E2A}"
EndProject
Global
	GlobalSection(SolutionConfigurationPlatforms) = preSolution
		Debug|Any CPU = Debug|Any CPU
		Release|Any CPU = Release|Any CPU
	EndGlobalSection
	GlobalSection(ProjectConfigurationPlatforms) = postSolution
		{7EB07CEC-A200-4A27-A8F2-62E29304AF6C}.Debug|Any CPU.ActiveCfg = Debug|Any CPU
		{7EB07CEC-A200-4A27-A8F2-62E29304AF6C}.Debug|Any CPU.Build.0 = Debug|Any CPU
		{7EB07CEC-A200-4A27-A8F2-62E29304AF6C}.Release|Any CPU.ActiveCfg = Release|Any CPU
		{7EB07CEC-A200-4A27-A8F2-62E29304AF6C}.Release|Any CPU.Build.0 = Release|Any CPU
		{2C424BD9-DEE4-4EFD-86F9-4DA41899531C}.Debug|Any CPU.ActiveCfg = Debug|Any CPU
		{2C424BD9-DEE4-4EFD-86F9-4DA41899531C}.Debug|Any CPU.Build.0 = Debug|Any CPU
		{2C424BD9-DEE4-4EFD-86F9-4DA41899531C}.Release|Any CPU.ActiveCfg = Release|Any CPU
		{2C424BD9-DEE4-4EFD-86F9-4DA41899531C}.Release|Any CPU.Build.0 = Release|Any CPU
		{5BC0D9FA-07F5-40E7-9FD3-62495C524A09}.Debug|Any CPU.ActiveCfg = Debug|Any CPU
		{5BC0D9FA-07F5-40E7-9FD3-62495C524A09}.Debug|Any CPU.Build.0 = Debug|Any CPU
		{5BC0D9FA-07F5-40E7-9FD3-62495C524A09}.Release|Any CPU.ActiveCfg = Release|Any CPU
		{5BC0D9FA-07F5-40E7-9FD3-62495C524A09}.Release|Any CPU.Build.0 = Release|Any CPU
		{9629D696-F16C-4FB2-98C5-8CE434347E2A}.Debug|Any CPU.ActiveCfg = Debug|Any CPU
		{9629D696-F16C-4FB2-98C5-8CE434347E2A}.Debug|Any CPU.Build.0 = Debug|Any CPU
		{9629D696-F16C-4FB2-98C5-8CE434347E2A}.Release|Any CPU.ActiveCfg = Release|Any CPU
		{9629D696-F16C-4FB2-98C5-8CE434347E2A}.Release|Any CPU.Build.0 = Release|Any CPU
	EndGlobalSection
	GlobalSection(SolutionProperties) = preSolution
		HideSolutionNode = FALSE
	EndGlobalSection
	GlobalSection(ExtensibilityGlobals) = postSolution
		SolutionGuid = {0D7C7EA5-5D0E-48E4-B1D5-C67928C34853}
	EndGlobalSection
EndGlobal
